
Microsoft Visual Studio Solution File, Format Version 12.00
# Visual Studio Version 17
VisualStudioVersion = 17.9.34728.123
MinimumVisualStudioVersion = 10.0.40219.1
Project("{FAE04EC0-301F-11D3-BF4B-00C04F79EFBC}") = "test", "test\test.csproj", "{CE51935E-45EA-4DCE-B213-6BBF8789C5BB}"
EndProject
Project("{FAE04EC0-301F-11D3-BF4B-00C04F79EFBC}") = "web1", "web1\web1.csproj", "{20935832-C3A8-4257-8A6B-5EFC3F030875}"
EndProject
Project("{FAE04EC0-301F-11D3-BF4B-00C04F79EFBC}") = "demo", "demo\demo.csproj", "{81915835-D391-4471-8933-982639465FF9}"
EndProject
Global
	GlobalSection(SolutionConfigurationPlatforms) = preSolution
		Debug|Any CPU = Debug|Any CPU
		Release|Any CPU = Release|Any CPU
	EndGlobalSection
	GlobalSection(ProjectConfigurationPlatforms) = postSolution
		{CE51935E-45EA-4DCE-B213-6BBF8789C5BB}.Debug|Any CPU.ActiveCfg = Debug|Any CPU
		{CE51935E-45EA-4DCE-B213-6BBF8789C5BB}.Debug|Any CPU.Build.0 = Debug|Any CPU
		{CE51935E-45EA-4DCE-B213-6BBF8789C5BB}.Release|Any CPU.ActiveCfg = Release|Any CPU
		{CE51935E-45EA-4DCE-B213-6BBF8789C5BB}.Release|Any CPU.Build.0 = Release|Any CPU
		{20935832-C3A8-4257-8A6B-5EFC3F030875}.Debug|Any CPU.ActiveCfg = Debug|Any CPU
		{20935832-C3A8-4257-8A6B-5EFC3F030875}.Debug|Any CPU.Build.0 = Debug|Any CPU
		{20935832-C3A8-4257-8A6B-5EFC3F030875}.Release|Any CPU.ActiveCfg = Release|Any CPU
		{20935832-C3A8-4257-8A6B-5EFC3F030875}.Release|Any CPU.Build.0 = Release|Any CPU
		{81915835-D391-4471-8933-982639465FF9}.Debug|Any CPU.ActiveCfg = Debug|Any CPU
		{81915835-D391-4471-8933-982639465FF9}.Debug|Any CPU.Build.0 = Debug|Any CPU
		{81915835-D391-4471-8933-982639465FF9}.Release|Any CPU.ActiveCfg = Release|Any CPU
		{81915835-D391-4471-8933-982639465FF9}.Release|Any CPU.Build.0 = Release|Any CPU
	EndGlobalSection
	GlobalSection(SolutionProperties) = preSolution
		HideSolutionNode = FALSE
	EndGlobalSection
	GlobalSection(ExtensibilityGlobals) = postSolution
		SolutionGuid = {CF904FF1-1F66-402C-B2A8-B9764BCEFE03}
	EndGlobalSection
EndGlobal
